
Microsoft Visual Studio Solution File, Format Version 12.00
# Visual Studio 15
VisualStudioVersion = 15.0.27703.2000
MinimumVisualStudioVersion = 10.0.40219.1
Project("{FAE04EC0-301F-11D3-BF4B-00C04F79EFBC}") = "ExamPaint", "ExamPaint\ExamPaint.csproj", "{A2DCEB81-64D5-490F-9DBC-9A2BDAAE34D3}"
EndProject
Global
	GlobalSection(SolutionConfigurationPlatforms) = preSolution
		Debug|Any CPU = Debug|Any CPU
		Release|Any CPU = Release|Any CPU
	EndGlobalSection
	GlobalSection(ProjectConfigurationPlatforms) = postSolution
		{A2DCEB81-64D5-490F-9DBC-9A2BDAAE34D3}.Debug|Any CPU.ActiveCfg = Debug|Any CPU
		{A2DCEB81-64D5-490F-9DBC-9A2BDAAE34D3}.Debug|Any CPU.Build.0 = Debug|Any CPU
		{A2DCEB81-64D5-490F-9DBC-9A2BDAAE34D3}.Release|Any CPU.ActiveCfg = Release|Any CPU
		{A2DCEB81-64D5-490F-9DBC-9A2BDAAE34D3}.Release|Any CPU.Build.0 = Release|Any CPU
	EndGlobalSection
	GlobalSection(SolutionProperties) = preSolution
		HideSolutionNode = FALSE
	EndGlobalSection
	GlobalSection(ExtensibilityGlobals) = postSolution
		SolutionGuid = {AE696401-EB90-4AD8-8305-CB0BAF7735AE}
	EndGlobalSection
EndGlobal
